<Solution>
  <Project Path="CoreBank.Api/CoreBank.Api.csproj" />
  <Project Path="CoreBank.Application/CoreBank.Application.csproj" />
  <Project Path="CoreBank.Domain/CoreBank.Domain.csproj" />
  <Project Path="CoreBank.Infrastructure/CoreBank.DataAccess.csproj" />
  <Project Path="CoreBank.Worker/CoreBank.Worker.csproj" />
</Solution>
